// !$*UTF8*$!
{
	archiveVersion = 1;
	classes = {
	};
	objectVersion = 52;
	objects = {

/* Begin PBXBuildFile section */
		67D416D227F7894A00D25951 /* VoiceNoteRecordButton.swift in Sources */ = {isa = PBXBuildFile; fileRef = 67D416B127F7894700D25951 /* VoiceNoteRecordButton.swift */; };
		67D416D327F7894A00D25951 /* VoiceNoteRecordButton.swift in Sources */ = {isa = PBXBuildFile; fileRef = 67D416B127F7894700D25951 /* VoiceNoteRecordButton.swift */; };
		67D416D427F7894A00D25951 /* PresenceView.swift in Sources */ = {isa = PBXBuildFile; fileRef = 67D416B227F7894700D25951 /* PresenceView.swift */; };
		67D416D527F7894A00D25951 /* PresenceView.swift in Sources */ = {isa = PBXBuildFile; fileRef = 67D416B227F7894700D25951 /* PresenceView.swift */; };
		67D416D627F7894A00D25951 /* MessageHistoryView.swift in Sources */ = {isa = PBXBuildFile; fileRef = 67D416B327F7894700D25951 /* MessageHistoryView.swift */; };
		67D416D727F7894A00D25951 /* MessageHistoryView.swift in Sources */ = {isa = PBXBuildFile; fileRef = 67D416B327F7894700D25951 /* MessageHistoryView.swift */; };
		67D416D827F7894A00D25951 /* PlainMessageView.swift in Sources */ = {isa = PBXBuildFile; fileRef = 67D416B427F7894700D25951 /* PlainMessageView.swift */; };
		67D416D927F7894A00D25951 /* PlainMessageView.swift in Sources */ = {isa = PBXBuildFile; fileRef = 67D416B427F7894700D25951 /* PlainMessageView.swift */; };
		67D416DA27F7894A00D25951 /* ChannelSnippetView.swift in Sources */ = {isa = PBXBuildFile; fileRef = 67D416B527F7894700D25951 /* ChannelSnippetView.swift */; };
		67D416DB27F7894A00D25951 /* ChannelSnippetView.swift in Sources */ = {isa = PBXBuildFile; fileRef = 67D416B527F7894700D25951 /* ChannelSnippetView.swift */; };
		67D416DC27F7894A00D25951 /* EnumPicker.swift in Sources */ = {isa = PBXBuildFile; fileRef = 67D416B627F7894700D25951 /* EnumPicker.swift */; };
		67D416DD27F7894A00D25951 /* EnumPicker.swift in Sources */ = {isa = PBXBuildFile; fileRef = 67D416B627F7894700D25951 /* EnumPicker.swift */; };
		67D416DE27F7894A00D25951 /* QuickLookAttachment.swift in Sources */ = {isa = PBXBuildFile; fileRef = 67D416B727F7894700D25951 /* QuickLookAttachment.swift */; };
		67D416DF27F7894A00D25951 /* QuickLookAttachment.swift in Sources */ = {isa = PBXBuildFile; fileRef = 67D416B727F7894700D25951 /* QuickLookAttachment.swift */; };
		67D416E027F7894A00D25951 /* QuickLookAttachmentView.swift in Sources */ = {isa = PBXBuildFile; fileRef = 67D416B827F7894700D25951 /* QuickLookAttachmentView.swift */; };
		67D416E127F7894A00D25951 /* QuickLookAttachmentView.swift in Sources */ = {isa = PBXBuildFile; fileRef = 67D416B827F7894700D25951 /* QuickLookAttachmentView.swift */; };
		67D416E227F7894A00D25951 /* QuickLookView.swift in Sources */ = {isa = PBXBuildFile; fileRef = 67D416B927F7894700D25951 /* QuickLookView.swift */; };
		67D416E327F7894A00D25951 /* QuickLookView.swift in Sources */ = {isa = PBXBuildFile; fileRef = 67D416B927F7894700D25951 /* QuickLookView.swift */; };
		67D416E427F7894A00D25951 /* SettingsView.swift in Sources */ = {isa = PBXBuildFile; fileRef = 67D416BA27F7894700D25951 /* SettingsView.swift */; };
		67D416E527F7894A00D25951 /* SettingsView.swift in Sources */ = {isa = PBXBuildFile; fileRef = 67D416BA27F7894700D25951 /* SettingsView.swift */; };
		67D416E827F7894A00D25951 /* ImageAttachmentView.swift in Sources */ = {isa = PBXBuildFile; fileRef = 67D416BC27F7894800D25951 /* ImageAttachmentView.swift */; };
		67D416E927F7894A00D25951 /* ImageAttachmentView.swift in Sources */ = {isa = PBXBuildFile; fileRef = 67D416BC27F7894800D25951 /* ImageAttachmentView.swift */; };
		67D416EA27F7894A00D25951 /* NetworkView.swift in Sources */ = {isa = PBXBuildFile; fileRef = 67D416BD27F7894800D25951 /* NetworkView.swift */; };
		67D416EB27F7894A00D25951 /* NetworkView.swift in Sources */ = {isa = PBXBuildFile; fileRef = 67D416BD27F7894800D25951 /* NetworkView.swift */; };
		67D416EC27F7894A00D25951 /* ChannelView.swift in Sources */ = {isa = PBXBuildFile; fileRef = 67D416BE27F7894800D25951 /* ChannelView.swift */; };
		67D416ED27F7894A00D25951 /* ChannelView.swift in Sources */ = {isa = PBXBuildFile; fileRef = 67D416BE27F7894800D25951 /* ChannelView.swift */; };
		67D416EE27F7894A00D25951 /* ContactAttachmentView.swift in Sources */ = {isa = PBXBuildFile; fileRef = 67D416BF27F7894800D25951 /* ContactAttachmentView.swift */; };
		67D416EF27F7894A00D25951 /* ContactAttachmentView.swift in Sources */ = {isa = PBXBuildFile; fileRef = 67D416BF27F7894800D25951 /* ContactAttachmentView.swift */; };
		67D416F027F7894A00D25951 /* NewChannelView.swift in Sources */ = {isa = PBXBuildFile; fileRef = 67D416C027F7894800D25951 /* NewChannelView.swift */; };
		67D416F127F7894A00D25951 /* NewChannelView.swift in Sources */ = {isa = PBXBuildFile; fileRef = 67D416C027F7894800D25951 /* NewChannelView.swift */; };
		67D416F227F7894A00D25951 /* FileAttachmentView.swift in Sources */ = {isa = PBXBuildFile; fileRef = 67D416C127F7894800D25951 /* FileAttachmentView.swift */; };
		67D416F327F7894A00D25951 /* FileAttachmentView.swift in Sources */ = {isa = PBXBuildFile; fileRef = 67D416C127F7894800D25951 /* FileAttachmentView.swift */; };
		67D416F427F7894A00D25951 /* AttachmentView.swift in Sources */ = {isa = PBXBuildFile; fileRef = 67D416C227F7894800D25951 /* AttachmentView.swift */; };
		67D416F527F7894A00D25951 /* AttachmentView.swift in Sources */ = {isa = PBXBuildFile; fileRef = 67D416C227F7894800D25951 /* AttachmentView.swift */; };
		67D416F627F7894A00D25951 /* ContentView.swift in Sources */ = {isa = PBXBuildFile; fileRef = 67D416C327F7894800D25951 /* ContentView.swift */; };
		67D416F727F7894A00D25951 /* ContentView.swift in Sources */ = {isa = PBXBuildFile; fileRef = 67D416C327F7894800D25951 /* ContentView.swift */; };
		67D416F827F7894A00D25951 /* ImagePicker.swift in Sources */ = {isa = PBXBuildFile; fileRef = 67D416C427F7894800D25951 /* ImagePicker.swift */; };
		67D416F927F7894A00D25951 /* ImagePicker.swift in Sources */ = {isa = PBXBuildFile; fileRef = 67D416C427F7894800D25951 /* ImagePicker.swift */; };
		67D416FA27F7894A00D25951 /* AutoFocusTextField.swift in Sources */ = {isa = PBXBuildFile; fileRef = 67D416C527F7894800D25951 /* AutoFocusTextField.swift */; };
		67D416FB27F7894A00D25951 /* AutoFocusTextField.swift in Sources */ = {isa = PBXBuildFile; fileRef = 67D416C527F7894800D25951 /* AutoFocusTextField.swift */; };
		67D416FC27F7894A00D25951 /* ClosableStatusBar.swift in Sources */ = {isa = PBXBuildFile; fileRef = 67D416C627F7894900D25951 /* ClosableStatusBar.swift */; };
		67D416FD27F7894A00D25951 /* ClosableStatusBar.swift in Sources */ = {isa = PBXBuildFile; fileRef = 67D416C627F7894900D25951 /* ClosableStatusBar.swift */; };
		67D416FE27F7894A00D25951 /* ProfileView.swift in Sources */ = {isa = PBXBuildFile; fileRef = 67D416C727F7894900D25951 /* ProfileView.swift */; };
		67D416FF27F7894A00D25951 /* ProfileView.swift in Sources */ = {isa = PBXBuildFile; fileRef = 67D416C727F7894900D25951 /* ProfileView.swift */; };
		67D4170027F7894A00D25951 /* WaveformView.swift in Sources */ = {isa = PBXBuildFile; fileRef = 67D416C827F7894900D25951 /* WaveformView.swift */; };
		67D4170127F7894A00D25951 /* WaveformView.swift in Sources */ = {isa = PBXBuildFile; fileRef = 67D416C827F7894900D25951 /* WaveformView.swift */; };
		67D4170227F7894A00D25951 /* ChannelsView.swift in Sources */ = {isa = PBXBuildFile; fileRef = 67D416C927F7894900D25951 /* ChannelsView.swift */; };
		67D4170327F7894A00D25951 /* ChannelsView.swift in Sources */ = {isa = PBXBuildFile; fileRef = 67D416C927F7894900D25951 /* ChannelsView.swift */; };
		67D4170427F7894A00D25951 /* MessageComposeView.swift in Sources */ = {isa = PBXBuildFile; fileRef = 67D416CA27F7894900D25951 /* MessageComposeView.swift */; };
		67D4170527F7894A00D25951 /* MessageComposeView.swift in Sources */ = {isa = PBXBuildFile; fileRef = 67D416CA27F7894900D25951 /* MessageComposeView.swift */; };
		67D4170627F7894A00D25951 /* BubbleMessageView.swift in Sources */ = {isa = PBXBuildFile; fileRef = 67D416CB27F7894900D25951 /* BubbleMessageView.swift */; };
		67D4170727F7894A00D25951 /* BubbleMessageView.swift in Sources */ = {isa = PBXBuildFile; fileRef = 67D416CB27F7894900D25951 /* BubbleMessageView.swift */; };
		67D4170827F7894A00D25951 /* ShareSheet.swift in Sources */ = {isa = PBXBuildFile; fileRef = 67D416CC27F7894900D25951 /* ShareSheet.swift */; };
		67D4170927F7894A00D25951 /* ShareSheet.swift in Sources */ = {isa = PBXBuildFile; fileRef = 67D416CC27F7894900D25951 /* ShareSheet.swift */; };
		67D4170A27F7894A00D25951 /* ChatStatus+Color.swift in Sources */ = {isa = PBXBuildFile; fileRef = 67D416CD27F7894900D25951 /* ChatStatus+Color.swift */; };
		67D4170B27F7894A00D25951 /* ChatStatus+Color.swift in Sources */ = {isa = PBXBuildFile; fileRef = 67D416CD27F7894900D25951 /* ChatStatus+Color.swift */; };
		67D4170C27F7894A00D25951 /* MessageView.swift in Sources */ = {isa = PBXBuildFile; fileRef = 67D416CE27F7894900D25951 /* MessageView.swift */; };
		67D4170D27F7894A00D25951 /* MessageView.swift in Sources */ = {isa = PBXBuildFile; fileRef = 67D416CE27F7894900D25951 /* MessageView.swift */; };
		67D4170E27F7894A00D25951 /* UIViewControllerRepresentable.swift in Sources */ = {isa = PBXBuildFile; fileRef = 67D416CF27F7894900D25951 /* UIViewControllerRepresentable.swift */; };
		67D4170F27F7894A00D25951 /* UIViewControllerRepresentable.swift in Sources */ = {isa = PBXBuildFile; fileRef = 67D416CF27F7894900D25951 /* UIViewControllerRepresentable.swift */; };
		67D4171027F7894A00D25951 /* ViewUtils.swift in Sources */ = {isa = PBXBuildFile; fileRef = 67D416D027F7894900D25951 /* ViewUtils.swift */; };
		67D4171127F7894A00D25951 /* ViewUtils.swift in Sources */ = {isa = PBXBuildFile; fileRef = 67D416D027F7894900D25951 /* ViewUtils.swift */; };
		67D4171227F7894A00D25951 /* VoiceNoteAttachmentView.swift in Sources */ = {isa = PBXBuildFile; fileRef = 67D416D127F7894900D25951 /* VoiceNoteAttachmentView.swift */; };
		67D4171327F7894A00D25951 /* VoiceNoteAttachmentView.swift in Sources */ = {isa = PBXBuildFile; fileRef = 67D416D127F7894900D25951 /* VoiceNoteAttachmentView.swift */; };
		67D4171727F7897B00D25951 /* AudioRecorder.swift in Sources */ = {isa = PBXBuildFile; fileRef = 67D4171527F7897B00D25951 /* AudioRecorder.swift */; };
		67D4171827F7897B00D25951 /* AudioRecorder.swift in Sources */ = {isa = PBXBuildFile; fileRef = 67D4171527F7897B00D25951 /* AudioRecorder.swift */; };
		67D4171927F7897B00D25951 /* AudioPlayer.swift in Sources */ = {isa = PBXBuildFile; fileRef = 67D4171627F7897B00D25951 /* AudioPlayer.swift */; };
		67D4171A27F7897B00D25951 /* AudioPlayer.swift in Sources */ = {isa = PBXBuildFile; fileRef = 67D4171627F7897B00D25951 /* AudioPlayer.swift */; };
		67D4171C27F7898C00D25951 /* Navigation.swift in Sources */ = {isa = PBXBuildFile; fileRef = 67D4171B27F7898C00D25951 /* Navigation.swift */; };
		67D4171D27F7898C00D25951 /* Navigation.swift in Sources */ = {isa = PBXBuildFile; fileRef = 67D4171B27F7898C00D25951 /* Navigation.swift */; };
		67D4172527F7899600D25951 /* Messages.swift in Sources */ = {isa = PBXBuildFile; fileRef = 67D4171E27F7899500D25951 /* Messages.swift */; };
		67D4172627F7899600D25951 /* Messages.swift in Sources */ = {isa = PBXBuildFile; fileRef = 67D4171E27F7899500D25951 /* Messages.swift */; };
		67D4172927F7899600D25951 /* Settings.swift in Sources */ = {isa = PBXBuildFile; fileRef = 67D4172027F7899500D25951 /* Settings.swift */; };
		67D4172A27F7899600D25951 /* Settings.swift in Sources */ = {isa = PBXBuildFile; fileRef = 67D4172027F7899500D25951 /* Settings.swift */; };
		67D4172B27F7899600D25951 /* NearbyUser.swift in Sources */ = {isa = PBXBuildFile; fileRef = 67D4172127F7899500D25951 /* NearbyUser.swift */; };
		67D4172C27F7899600D25951 /* NearbyUser.swift in Sources */ = {isa = PBXBuildFile; fileRef = 67D4172127F7899500D25951 /* NearbyUser.swift */; };
		67D4172D27F7899600D25951 /* Users.swift in Sources */ = {isa = PBXBuildFile; fileRef = 67D4172227F7899500D25951 /* Users.swift */; };
		67D4172E27F7899600D25951 /* Users.swift in Sources */ = {isa = PBXBuildFile; fileRef = 67D4172227F7899500D25951 /* Users.swift */; };
		67D4172F27F7899600D25951 /* Profile.swift in Sources */ = {isa = PBXBuildFile; fileRef = 67D4172327F7899600D25951 /* Profile.swift */; };
		67D4173027F7899600D25951 /* Profile.swift in Sources */ = {isa = PBXBuildFile; fileRef = 67D4172327F7899600D25951 /* Profile.swift */; };
		67D4173127F7899600D25951 /* Network.swift in Sources */ = {isa = PBXBuildFile; fileRef = 67D4172427F7899600D25951 /* Network.swift */; };
		67D4173227F7899600D25951 /* Network.swift in Sources */ = {isa = PBXBuildFile; fileRef = 67D4172427F7899600D25951 /* Network.swift */; };
		67D4173A27F789AF00D25951 /* CollectionUtils.swift in Sources */ = {isa = PBXBuildFile; fileRef = 67D4173327F789AF00D25951 /* CollectionUtils.swift */; };
		67D4173B27F789AF00D25951 /* CollectionUtils.swift in Sources */ = {isa = PBXBuildFile; fileRef = 67D4173327F789AF00D25951 /* CollectionUtils.swift */; };
		67D4173C27F789AF00D25951 /* StringUtils.swift in Sources */ = {isa = PBXBuildFile; fileRef = 67D4173427F789AF00D25951 /* StringUtils.swift */; };
		67D4173D27F789AF00D25951 /* StringUtils.swift in Sources */ = {isa = PBXBuildFile; fileRef = 67D4173427F789AF00D25951 /* StringUtils.swift */; };
		67D4173E27F789AF00D25951 /* PersistenceUtils.swift in Sources */ = {isa = PBXBuildFile; fileRef = 67D4173527F789AF00D25951 /* PersistenceUtils.swift */; };
		67D4173F27F789AF00D25951 /* PersistenceUtils.swift in Sources */ = {isa = PBXBuildFile; fileRef = 67D4173527F789AF00D25951 /* PersistenceUtils.swift */; };
		67D4174027F789AF00D25951 /* EnvironmentUtils.swift in Sources */ = {isa = PBXBuildFile; fileRef = 67D4173627F789AF00D25951 /* EnvironmentUtils.swift */; };
		67D4174127F789AF00D25951 /* EnvironmentUtils.swift in Sources */ = {isa = PBXBuildFile; fileRef = 67D4173627F789AF00D25951 /* EnvironmentUtils.swift */; };
		67D4174227F789AF00D25951 /* DataUtils.swift in Sources */ = {isa = PBXBuildFile; fileRef = 67D4173727F789AF00D25951 /* DataUtils.swift */; };
		67D4174327F789AF00D25951 /* DataUtils.swift in Sources */ = {isa = PBXBuildFile; fileRef = 67D4173727F789AF00D25951 /* DataUtils.swift */; };
		67D4174427F789AF00D25951 /* PersistenceError.swift in Sources */ = {isa = PBXBuildFile; fileRef = 67D4173827F789AF00D25951 /* PersistenceError.swift */; };
		67D4174527F789AF00D25951 /* PersistenceError.swift in Sources */ = {isa = PBXBuildFile; fileRef = 67D4173827F789AF00D25951 /* PersistenceError.swift */; };
		67D4174627F789AF00D25951 /* URLUtils.swift in Sources */ = {isa = PBXBuildFile; fileRef = 67D4173927F789AF00D25951 /* URLUtils.swift */; };
		67D4174727F789AF00D25951 /* URLUtils.swift in Sources */ = {isa = PBXBuildFile; fileRef = 67D4173927F789AF00D25951 /* URLUtils.swift */; };
		C7734D4B25BDF52C0057DF96 /* LoggingOSLog in Frameworks */ = {isa = PBXBuildFile; productRef = C7734D4A25BDF52C0057DF96 /* LoggingOSLog */; };
		C7982CCB25BB8521000DC0F1 /* Assets.xcassets in Resources */ = {isa = PBXBuildFile; fileRef = C7982CCA25BB8521000DC0F1 /* Assets.xcassets */; };
		C7982CCE25BB8521000DC0F1 /* Preview Assets.xcassets in Resources */ = {isa = PBXBuildFile; fileRef = C7982CCD25BB8521000DC0F1 /* Preview Assets.xcassets */; };
		C7982CDA25BB8522000DC0F1 /* DistributedChatMacAppTests.swift in Sources */ = {isa = PBXBuildFile; fileRef = C7982CD925BB8522000DC0F1 /* DistributedChatMacAppTests.swift */; };
		C7982CE525BB8522000DC0F1 /* DistributedChatMacAppUITests.swift in Sources */ = {isa = PBXBuildFile; fileRef = C7982CE425BB8522000DC0F1 /* DistributedChatMacAppUITests.swift */; };
		C7982D0225BB8581000DC0F1 /* CliffApp.swift in Sources */ = {isa = PBXBuildFile; fileRef = C7BC335125B3C00700989E95 /* CliffApp.swift */; };
		C7982D0925BB8587000DC0F1 /* CoreBluetoothTransport.swift in Sources */ = {isa = PBXBuildFile; fileRef = C7AFC9B225BB52D500AF9526 /* CoreBluetoothTransport.swift */; };
		C7982D1825BB85BC000DC0F1 /* DistributedChat in Frameworks */ = {isa = PBXBuildFile; productRef = C7982D1725BB85BC000DC0F1 /* DistributedChat */; };
		C7AFC9B325BB52D500AF9526 /* CoreBluetoothTransport.swift in Sources */ = {isa = PBXBuildFile; fileRef = C7AFC9B225BB52D500AF9526 /* CoreBluetoothTransport.swift */; };
		C7BC335225B3C00700989E95 /* CliffApp.swift in Sources */ = {isa = PBXBuildFile; fileRef = C7BC335125B3C00700989E95 /* CliffApp.swift */; };
		C7BC335625B3C00900989E95 /* Assets.xcassets in Resources */ = {isa = PBXBuildFile; fileRef = C7BC335525B3C00900989E95 /* Assets.xcassets */; };
		C7BC335925B3C00900989E95 /* Preview Assets.xcassets in Resources */ = {isa = PBXBuildFile; fileRef = C7BC335825B3C00900989E95 /* Preview Assets.xcassets */; };
		C7BC336425B3C00900989E95 /* DistributedChatAppTests.swift in Sources */ = {isa = PBXBuildFile; fileRef = C7BC336325B3C00900989E95 /* DistributedChatAppTests.swift */; };
		C7BC336F25B3C00900989E95 /* DistributedChatAppUITests.swift in Sources */ = {isa = PBXBuildFile; fileRef = C7BC336E25B3C00900989E95 /* DistributedChatAppUITests.swift */; };
		C7BC338A25B3C2EE00989E95 /* DistributedChat in Frameworks */ = {isa = PBXBuildFile; productRef = C7BC338925B3C2EE00989E95 /* DistributedChat */; };
		C7C24EE825C8D4E200222AAA /* SwiftUIKit in Frameworks */ = {isa = PBXBuildFile; productRef = C7C24EE725C8D4E200222AAA /* SwiftUIKit */; };
		C7ED97C125C60055002ACC5A /* FDWaveformView in Frameworks */ = {isa = PBXBuildFile; productRef = C7ED97C025C60055002ACC5A /* FDWaveformView */; };
/* End PBXBuildFile section */

/* Begin PBXContainerItemProxy section */
		C7982CD625BB8522000DC0F1 /* PBXContainerItemProxy */ = {
			isa = PBXContainerItemProxy;
			containerPortal = C7BC334625B3C00700989E95 /* Project object */;
			proxyType = 1;
			remoteGlobalIDString = C7982CC325BB851F000DC0F1;
			remoteInfo = DistributedChatMacApp;
		};
		C7982CE125BB8522000DC0F1 /* PBXContainerItemProxy */ = {
			isa = PBXContainerItemProxy;
			containerPortal = C7BC334625B3C00700989E95 /* Project object */;
			proxyType = 1;
			remoteGlobalIDString = C7982CC325BB851F000DC0F1;
			remoteInfo = DistributedChatMacApp;
		};
		C7BC336025B3C00900989E95 /* PBXContainerItemProxy */ = {
			isa = PBXContainerItemProxy;
			containerPortal = C7BC334625B3C00700989E95 /* Project object */;
			proxyType = 1;
			remoteGlobalIDString = C7BC334D25B3C00700989E95;
			remoteInfo = DistributedChatApp;
		};
		C7BC336B25B3C00900989E95 /* PBXContainerItemProxy */ = {
			isa = PBXContainerItemProxy;
			containerPortal = C7BC334625B3C00700989E95 /* Project object */;
			proxyType = 1;
			remoteGlobalIDString = C7BC334D25B3C00700989E95;
			remoteInfo = DistributedChatApp;
		};
/* End PBXContainerItemProxy section */

/* Begin PBXFileReference section */
		67D416B127F7894700D25951 /* VoiceNoteRecordButton.swift */ = {isa = PBXFileReference; fileEncoding = 4; lastKnownFileType = sourcecode.swift; path = VoiceNoteRecordButton.swift; sourceTree = "<group>"; };
		67D416B227F7894700D25951 /* PresenceView.swift */ = {isa = PBXFileReference; fileEncoding = 4; lastKnownFileType = sourcecode.swift; path = PresenceView.swift; sourceTree = "<group>"; };
		67D416B327F7894700D25951 /* MessageHistoryView.swift */ = {isa = PBXFileReference; fileEncoding = 4; lastKnownFileType = sourcecode.swift; path = MessageHistoryView.swift; sourceTree = "<group>"; };
		67D416B427F7894700D25951 /* PlainMessageView.swift */ = {isa = PBXFileReference; fileEncoding = 4; lastKnownFileType = sourcecode.swift; path = PlainMessageView.swift; sourceTree = "<group>"; };
		67D416B527F7894700D25951 /* ChannelSnippetView.swift */ = {isa = PBXFileReference; fileEncoding = 4; lastKnownFileType = sourcecode.swift; path = ChannelSnippetView.swift; sourceTree = "<group>"; };
		67D416B627F7894700D25951 /* EnumPicker.swift */ = {isa = PBXFileReference; fileEncoding = 4; lastKnownFileType = sourcecode.swift; path = EnumPicker.swift; sourceTree = "<group>"; };
		67D416B727F7894700D25951 /* QuickLookAttachment.swift */ = {isa = PBXFileReference; fileEncoding = 4; lastKnownFileType = sourcecode.swift; path = QuickLookAttachment.swift; sourceTree = "<group>"; };
		67D416B827F7894700D25951 /* QuickLookAttachmentView.swift */ = {isa = PBXFileReference; fileEncoding = 4; lastKnownFileType = sourcecode.swift; path = QuickLookAttachmentView.swift; sourceTree = "<group>"; };
		67D416B927F7894700D25951 /* QuickLookView.swift */ = {isa = PBXFileReference; fileEncoding = 4; lastKnownFileType = sourcecode.swift; path = QuickLookView.swift; sourceTree = "<group>"; };
		67D416BA27F7894700D25951 /* SettingsView.swift */ = {isa = PBXFileReference; fileEncoding = 4; lastKnownFileType = sourcecode.swift; path = SettingsView.swift; sourceTree = "<group>"; };
		67D416BC27F7894800D25951 /* ImageAttachmentView.swift */ = {isa = PBXFileReference; fileEncoding = 4; lastKnownFileType = sourcecode.swift; path = ImageAttachmentView.swift; sourceTree = "<group>"; };
		67D416BD27F7894800D25951 /* NetworkView.swift */ = {isa = PBXFileReference; fileEncoding = 4; lastKnownFileType = sourcecode.swift; path = NetworkView.swift; sourceTree = "<group>"; };
		67D416BE27F7894800D25951 /* ChannelView.swift */ = {isa = PBXFileReference; fileEncoding = 4; lastKnownFileType = sourcecode.swift; path = ChannelView.swift; sourceTree = "<group>"; };
		67D416BF27F7894800D25951 /* ContactAttachmentView.swift */ = {isa = PBXFileReference; fileEncoding = 4; lastKnownFileType = sourcecode.swift; path = ContactAttachmentView.swift; sourceTree = "<group>"; };
		67D416C027F7894800D25951 /* NewChannelView.swift */ = {isa = PBXFileReference; fileEncoding = 4; lastKnownFileType = sourcecode.swift; path = NewChannelView.swift; sourceTree = "<group>"; };
		67D416C127F7894800D25951 /* FileAttachmentView.swift */ = {isa = PBXFileReference; fileEncoding = 4; lastKnownFileType = sourcecode.swift; path = FileAttachmentView.swift; sourceTree = "<group>"; };
		67D416C227F7894800D25951 /* AttachmentView.swift */ = {isa = PBXFileReference; fileEncoding = 4; lastKnownFileType = sourcecode.swift; path = AttachmentView.swift; sourceTree = "<group>"; };
		67D416C327F7894800D25951 /* ContentView.swift */ = {isa = PBXFileReference; fileEncoding = 4; lastKnownFileType = sourcecode.swift; path = ContentView.swift; sourceTree = "<group>"; };
		67D416C427F7894800D25951 /* ImagePicker.swift */ = {isa = PBXFileReference; fileEncoding = 4; lastKnownFileType = sourcecode.swift; path = ImagePicker.swift; sourceTree = "<group>"; };
		67D416C527F7894800D25951 /* AutoFocusTextField.swift */ = {isa = PBXFileReference; fileEncoding = 4; lastKnownFileType = sourcecode.swift; path = AutoFocusTextField.swift; sourceTree = "<group>"; };
		67D416C627F7894900D25951 /* ClosableStatusBar.swift */ = {isa = PBXFileReference; fileEncoding = 4; lastKnownFileType = sourcecode.swift; path = ClosableStatusBar.swift; sourceTree = "<group>"; };
		67D416C727F7894900D25951 /* ProfileView.swift */ = {isa = PBXFileReference; fileEncoding = 4; lastKnownFileType = sourcecode.swift; path = ProfileView.swift; sourceTree = "<group>"; };
		67D416C827F7894900D25951 /* WaveformView.swift */ = {isa = PBXFileReference; fileEncoding = 4; lastKnownFileType = sourcecode.swift; path = WaveformView.swift; sourceTree = "<group>"; };
		67D416C927F7894900D25951 /* ChannelsView.swift */ = {isa = PBXFileReference; fileEncoding = 4; lastKnownFileType = sourcecode.swift; path = ChannelsView.swift; sourceTree = "<group>"; };
		67D416CA27F7894900D25951 /* MessageComposeView.swift */ = {isa = PBXFileReference; fileEncoding = 4; lastKnownFileType = sourcecode.swift; path = MessageComposeView.swift; sourceTree = "<group>"; };
		67D416CB27F7894900D25951 /* BubbleMessageView.swift */ = {isa = PBXFileReference; fileEncoding = 4; lastKnownFileType = sourcecode.swift; path = BubbleMessageView.swift; sourceTree = "<group>"; };
		67D416CC27F7894900D25951 /* ShareSheet.swift */ = {isa = PBXFileReference; fileEncoding = 4; lastKnownFileType = sourcecode.swift; path = ShareSheet.swift; sourceTree = "<group>"; };
		67D416CD27F7894900D25951 /* ChatStatus+Color.swift */ = {isa = PBXFileReference; fileEncoding = 4; lastKnownFileType = sourcecode.swift; path = "ChatStatus+Color.swift"; sourceTree = "<group>"; };
		67D416CE27F7894900D25951 /* MessageView.swift */ = {isa = PBXFileReference; fileEncoding = 4; lastKnownFileType = sourcecode.swift; path = MessageView.swift; sourceTree = "<group>"; };
		67D416CF27F7894900D25951 /* UIViewControllerRepresentable.swift */ = {isa = PBXFileReference; fileEncoding = 4; lastKnownFileType = sourcecode.swift; path = UIViewControllerRepresentable.swift; sourceTree = "<group>"; };
		67D416D027F7894900D25951 /* ViewUtils.swift */ = {isa = PBXFileReference; fileEncoding = 4; lastKnownFileType = sourcecode.swift; path = ViewUtils.swift; sourceTree = "<group>"; };
		67D416D127F7894900D25951 /* VoiceNoteAttachmentView.swift */ = {isa = PBXFileReference; fileEncoding = 4; lastKnownFileType = sourcecode.swift; name = VoiceNoteAttachmentView.swift; path = ../../../../Cliff/Cliff/Views/VoiceNoteAttachmentView.swift; sourceTree = "<group>"; };
		67D4171527F7897B00D25951 /* AudioRecorder.swift */ = {isa = PBXFileReference; fileEncoding = 4; lastKnownFileType = sourcecode.swift; path = AudioRecorder.swift; sourceTree = "<group>"; };
		67D4171627F7897B00D25951 /* AudioPlayer.swift */ = {isa = PBXFileReference; fileEncoding = 4; lastKnownFileType = sourcecode.swift; path = AudioPlayer.swift; sourceTree = "<group>"; };
		67D4171B27F7898C00D25951 /* Navigation.swift */ = {isa = PBXFileReference; fileEncoding = 4; lastKnownFileType = sourcecode.swift; path = Navigation.swift; sourceTree = "<group>"; };
		67D4171E27F7899500D25951 /* Messages.swift */ = {isa = PBXFileReference; fileEncoding = 4; lastKnownFileType = sourcecode.swift; path = Messages.swift; sourceTree = "<group>"; };
		67D4172027F7899500D25951 /* Settings.swift */ = {isa = PBXFileReference; fileEncoding = 4; lastKnownFileType = sourcecode.swift; path = Settings.swift; sourceTree = "<group>"; };
		67D4172127F7899500D25951 /* NearbyUser.swift */ = {isa = PBXFileReference; fileEncoding = 4; lastKnownFileType = sourcecode.swift; path = NearbyUser.swift; sourceTree = "<group>"; };
		67D4172227F7899500D25951 /* Users.swift */ = {isa = PBXFileReference; fileEncoding = 4; lastKnownFileType = sourcecode.swift; path = Users.swift; sourceTree = "<group>"; };
		67D4172327F7899600D25951 /* Profile.swift */ = {isa = PBXFileReference; fileEncoding = 4; lastKnownFileType = sourcecode.swift; path = Profile.swift; sourceTree = "<group>"; };
		67D4172427F7899600D25951 /* Network.swift */ = {isa = PBXFileReference; fileEncoding = 4; lastKnownFileType = sourcecode.swift; path = Network.swift; sourceTree = "<group>"; };
		67D4173327F789AF00D25951 /* CollectionUtils.swift */ = {isa = PBXFileReference; fileEncoding = 4; lastKnownFileType = sourcecode.swift; path = CollectionUtils.swift; sourceTree = "<group>"; };
		67D4173427F789AF00D25951 /* StringUtils.swift */ = {isa = PBXFileReference; fileEncoding = 4; lastKnownFileType = sourcecode.swift; path = StringUtils.swift; sourceTree = "<group>"; };
		67D4173527F789AF00D25951 /* PersistenceUtils.swift */ = {isa = PBXFileReference; fileEncoding = 4; lastKnownFileType = sourcecode.swift; path = PersistenceUtils.swift; sourceTree = "<group>"; };
		67D4173627F789AF00D25951 /* EnvironmentUtils.swift */ = {isa = PBXFileReference; fileEncoding = 4; lastKnownFileType = sourcecode.swift; path = EnvironmentUtils.swift; sourceTree = "<group>"; };
		67D4173727F789AF00D25951 /* DataUtils.swift */ = {isa = PBXFileReference; fileEncoding = 4; lastKnownFileType = sourcecode.swift; path = DataUtils.swift; sourceTree = "<group>"; };
		67D4173827F789AF00D25951 /* PersistenceError.swift */ = {isa = PBXFileReference; fileEncoding = 4; lastKnownFileType = sourcecode.swift; path = PersistenceError.swift; sourceTree = "<group>"; };
		67D4173927F789AF00D25951 /* URLUtils.swift */ = {isa = PBXFileReference; fileEncoding = 4; lastKnownFileType = sourcecode.swift; path = URLUtils.swift; sourceTree = "<group>"; };
		C7982CC425BB851F000DC0F1 /* DistributedChatMacApp.app */ = {isa = PBXFileReference; explicitFileType = wrapper.application; includeInIndex = 0; path = DistributedChatMacApp.app; sourceTree = BUILT_PRODUCTS_DIR; };
		C7982CCA25BB8521000DC0F1 /* Assets.xcassets */ = {isa = PBXFileReference; lastKnownFileType = folder.assetcatalog; path = Assets.xcassets; sourceTree = "<group>"; };
		C7982CCD25BB8521000DC0F1 /* Preview Assets.xcassets */ = {isa = PBXFileReference; lastKnownFileType = folder.assetcatalog; path = "Preview Assets.xcassets"; sourceTree = "<group>"; };
		C7982CCF25BB8521000DC0F1 /* Info.plist */ = {isa = PBXFileReference; lastKnownFileType = text.plist.xml; path = Info.plist; sourceTree = "<group>"; };
		C7982CD025BB8521000DC0F1 /* DistributedChatMacApp.entitlements */ = {isa = PBXFileReference; lastKnownFileType = text.plist.entitlements; path = DistributedChatMacApp.entitlements; sourceTree = "<group>"; };
		C7982CD525BB8522000DC0F1 /* DistributedChatMacAppTests.xctest */ = {isa = PBXFileReference; explicitFileType = wrapper.cfbundle; includeInIndex = 0; path = DistributedChatMacAppTests.xctest; sourceTree = BUILT_PRODUCTS_DIR; };
		C7982CD925BB8522000DC0F1 /* DistributedChatMacAppTests.swift */ = {isa = PBXFileReference; lastKnownFileType = sourcecode.swift; path = DistributedChatMacAppTests.swift; sourceTree = "<group>"; };
		C7982CDB25BB8522000DC0F1 /* Info.plist */ = {isa = PBXFileReference; lastKnownFileType = text.plist.xml; path = Info.plist; sourceTree = "<group>"; };
		C7982CE025BB8522000DC0F1 /* DistributedChatMacAppUITests.xctest */ = {isa = PBXFileReference; explicitFileType = wrapper.cfbundle; includeInIndex = 0; path = DistributedChatMacAppUITests.xctest; sourceTree = BUILT_PRODUCTS_DIR; };
		C7982CE425BB8522000DC0F1 /* DistributedChatMacAppUITests.swift */ = {isa = PBXFileReference; lastKnownFileType = sourcecode.swift; path = DistributedChatMacAppUITests.swift; sourceTree = "<group>"; };
		C7982CE625BB8522000DC0F1 /* Info.plist */ = {isa = PBXFileReference; lastKnownFileType = text.plist.xml; path = Info.plist; sourceTree = "<group>"; };
		C7AFC9B225BB52D500AF9526 /* CoreBluetoothTransport.swift */ = {isa = PBXFileReference; lastKnownFileType = sourcecode.swift; path = CoreBluetoothTransport.swift; sourceTree = "<group>"; };
		C7BC334E25B3C00700989E95 /* CliffApp.app */ = {isa = PBXFileReference; explicitFileType = wrapper.application; includeInIndex = 0; path = CliffApp.app; sourceTree = BUILT_PRODUCTS_DIR; };
		C7BC335125B3C00700989E95 /* CliffApp.swift */ = {isa = PBXFileReference; lastKnownFileType = sourcecode.swift; path = CliffApp.swift; sourceTree = "<group>"; };
		C7BC335525B3C00900989E95 /* Assets.xcassets */ = {isa = PBXFileReference; lastKnownFileType = folder.assetcatalog; path = Assets.xcassets; sourceTree = "<group>"; };
		C7BC335825B3C00900989E95 /* Preview Assets.xcassets */ = {isa = PBXFileReference; lastKnownFileType = folder.assetcatalog; path = "Preview Assets.xcassets"; sourceTree = "<group>"; };
		C7BC335A25B3C00900989E95 /* Info.plist */ = {isa = PBXFileReference; lastKnownFileType = text.plist.xml; path = Info.plist; sourceTree = "<group>"; };
		C7BC335F25B3C00900989E95 /* CliffAppTests.xctest */ = {isa = PBXFileReference; explicitFileType = wrapper.cfbundle; includeInIndex = 0; path = CliffAppTests.xctest; sourceTree = BUILT_PRODUCTS_DIR; };
		C7BC336325B3C00900989E95 /* DistributedChatAppTests.swift */ = {isa = PBXFileReference; lastKnownFileType = sourcecode.swift; path = DistributedChatAppTests.swift; sourceTree = "<group>"; };
		C7BC336525B3C00900989E95 /* Info.plist */ = {isa = PBXFileReference; lastKnownFileType = text.plist.xml; path = Info.plist; sourceTree = "<group>"; };
		C7BC336A25B3C00900989E95 /* CliffAppUITests.xctest */ = {isa = PBXFileReference; explicitFileType = wrapper.cfbundle; includeInIndex = 0; path = CliffAppUITests.xctest; sourceTree = BUILT_PRODUCTS_DIR; };
		C7BC336E25B3C00900989E95 /* DistributedChatAppUITests.swift */ = {isa = PBXFileReference; lastKnownFileType = sourcecode.swift; path = DistributedChatAppUITests.swift; sourceTree = "<group>"; };
		C7BC337025B3C00900989E95 /* Info.plist */ = {isa = PBXFileReference; lastKnownFileType = text.plist.xml; path = Info.plist; sourceTree = "<group>"; };
		C7BC337F25B3C1D100989E95 /* DistributedChat */ = {isa = PBXFileReference; lastKnownFileType = folder; name = DistributedChat; path = ../DistributedChat; sourceTree = "<group>"; };
/* End PBXFileReference section */

/* Begin PBXFrameworksBuildPhase section */
		C7982CC125BB851F000DC0F1 /* Frameworks */ = {
			isa = PBXFrameworksBuildPhase;
			buildActionMask = 2147483647;
			files = (
				C7982D1825BB85BC000DC0F1 /* DistributedChat in Frameworks */,
			);
			runOnlyForDeploymentPostprocessing = 0;
		};
		C7982CD225BB8522000DC0F1 /* Frameworks */ = {
			isa = PBXFrameworksBuildPhase;
			buildActionMask = 2147483647;
			files = (
			);
			runOnlyForDeploymentPostprocessing = 0;
		};
		C7982CDD25BB8522000DC0F1 /* Frameworks */ = {
			isa = PBXFrameworksBuildPhase;
			buildActionMask = 2147483647;
			files = (
			);
			runOnlyForDeploymentPostprocessing = 0;
		};
		C7BC334B25B3C00700989E95 /* Frameworks */ = {
			isa = PBXFrameworksBuildPhase;
			buildActionMask = 2147483647;
			files = (
				C7BC338A25B3C2EE00989E95 /* DistributedChat in Frameworks */,
				C7C24EE825C8D4E200222AAA /* SwiftUIKit in Frameworks */,
				C7ED97C125C60055002ACC5A /* FDWaveformView in Frameworks */,
				C7734D4B25BDF52C0057DF96 /* LoggingOSLog in Frameworks */,
			);
			runOnlyForDeploymentPostprocessing = 0;
		};
		C7BC335C25B3C00900989E95 /* Frameworks */ = {
			isa = PBXFrameworksBuildPhase;
			buildActionMask = 2147483647;
			files = (
			);
			runOnlyForDeploymentPostprocessing = 0;
		};
		C7BC336725B3C00900989E95 /* Frameworks */ = {
			isa = PBXFrameworksBuildPhase;
			buildActionMask = 2147483647;
			files = (
			);
			runOnlyForDeploymentPostprocessing = 0;
		};
/* End PBXFrameworksBuildPhase section */

/* Begin PBXGroup section */
		6782F00927F7475A00657CB5 /* Components */ = {
			isa = PBXGroup;
			children = (
				67D416C427F7894800D25951 /* ImagePicker.swift */,
				67D416B627F7894700D25951 /* EnumPicker.swift */,
				67D416CF27F7894900D25951 /* UIViewControllerRepresentable.swift */,
				67D416CC27F7894900D25951 /* ShareSheet.swift */,
				67D416D027F7894900D25951 /* ViewUtils.swift */,
				67D416C627F7894900D25951 /* ClosableStatusBar.swift */,
				67D416CD27F7894900D25951 /* ChatStatus+Color.swift */,
				67D416C827F7894900D25951 /* WaveformView.swift */,
				67D416B127F7894700D25951 /* VoiceNoteRecordButton.swift */,
			);
			path = Components;
			sourceTree = "<group>";
		};
		67D4171427F7896C00D25951 /* Audio */ = {
			isa = PBXGroup;
			children = (
				67D4171627F7897B00D25951 /* AudioPlayer.swift */,
				67D4171527F7897B00D25951 /* AudioRecorder.swift */,
			);
			path = Audio;
			sourceTree = "<group>";
		};
		C7734CB025BCDEDF0057DF96 /* Utils */ = {
			isa = PBXGroup;
			children = (
				67D4173327F789AF00D25951 /* CollectionUtils.swift */,
				67D4173727F789AF00D25951 /* DataUtils.swift */,
				67D4173627F789AF00D25951 /* EnvironmentUtils.swift */,
				67D4173827F789AF00D25951 /* PersistenceError.swift */,
				67D4173527F789AF00D25951 /* PersistenceUtils.swift */,
				67D4173427F789AF00D25951 /* StringUtils.swift */,
				67D4173927F789AF00D25951 /* URLUtils.swift */,
			);
			path = Utils;
			sourceTree = "<group>";
		};
		C7734DA425BE36E20057DF96 /* ViewModel */ = {
			isa = PBXGroup;
			children = (
				67D4171B27F7898C00D25951 /* Navigation.swift */,
			);
			path = ViewModel;
			sourceTree = "<group>";
		};
		C7982CC525BB851F000DC0F1 /* DistributedChatMacApp */ = {
			isa = PBXGroup;
			children = (
				C7982CCA25BB8521000DC0F1 /* Assets.xcassets */,
				C7982CCF25BB8521000DC0F1 /* Info.plist */,
				C7982CD025BB8521000DC0F1 /* DistributedChatMacApp.entitlements */,
				C7982CCC25BB8521000DC0F1 /* Preview Content */,
			);
			path = DistributedChatMacApp;
			sourceTree = "<group>";
		};
		C7982CCC25BB8521000DC0F1 /* Preview Content */ = {
			isa = PBXGroup;
			children = (
				C7982CCD25BB8521000DC0F1 /* Preview Assets.xcassets */,
			);
			path = "Preview Content";
			sourceTree = "<group>";
		};
		C7982CD825BB8522000DC0F1 /* DistributedChatMacAppTests */ = {
			isa = PBXGroup;
			children = (
				C7982CD925BB8522000DC0F1 /* DistributedChatMacAppTests.swift */,
				C7982CDB25BB8522000DC0F1 /* Info.plist */,
			);
			path = DistributedChatMacAppTests;
			sourceTree = "<group>";
		};
		C7982CE325BB8522000DC0F1 /* DistributedChatMacAppUITests */ = {
			isa = PBXGroup;
			children = (
				C7982CE425BB8522000DC0F1 /* DistributedChatMacAppUITests.swift */,
				C7982CE625BB8522000DC0F1 /* Info.plist */,
			);
			path = DistributedChatMacAppUITests;
			sourceTree = "<group>";
		};
		C7982D3125BB89CD000DC0F1 /* Model */ = {
			isa = PBXGroup;
			children = (
				67D4171E27F7899500D25951 /* Messages.swift */,
				67D4172127F7899500D25951 /* NearbyUser.swift */,
				67D4172427F7899600D25951 /* Network.swift */,
				67D4172327F7899600D25951 /* Profile.swift */,
				67D4172027F7899500D25951 /* Settings.swift */,
				67D4172227F7899500D25951 /* Users.swift */,
			);
			path = Model;
			sourceTree = "<group>";
		};
		C7AFC9B725BB52E400AF9526 /* Controller */ = {
			isa = PBXGroup;
			children = (
				C7AFC9B225BB52D500AF9526 /* CoreBluetoothTransport.swift */,
			);
			path = Controller;
			sourceTree = "<group>";
		};
		C7AFC9B825BB52F200AF9526 /* View */ = {
			isa = PBXGroup;
			children = (
				67D416C327F7894800D25951 /* ContentView.swift */,
				67D416C927F7894900D25951 /* ChannelsView.swift */,
				67D416B527F7894700D25951 /* ChannelSnippetView.swift */,
				67D416C027F7894800D25951 /* NewChannelView.swift */,
				67D416BE27F7894800D25951 /* ChannelView.swift */,
				67D416B327F7894700D25951 /* MessageHistoryView.swift */,
				67D416CE27F7894900D25951 /* MessageView.swift */,
				67D416CA27F7894900D25951 /* MessageComposeView.swift */,
				67D416C227F7894800D25951 /* AttachmentView.swift */,
				67D416C527F7894800D25951 /* AutoFocusTextField.swift */,
				67D416CB27F7894900D25951 /* BubbleMessageView.swift */,
				67D416BF27F7894800D25951 /* ContactAttachmentView.swift */,
				67D416C127F7894800D25951 /* FileAttachmentView.swift */,
				67D416BC27F7894800D25951 /* ImageAttachmentView.swift */,
				67D416BD27F7894800D25951 /* NetworkView.swift */,
				67D416B427F7894700D25951 /* PlainMessageView.swift */,
				67D416B227F7894700D25951 /* PresenceView.swift */,
				67D416C727F7894900D25951 /* ProfileView.swift */,
				67D416B727F7894700D25951 /* QuickLookAttachment.swift */,
				67D416B827F7894700D25951 /* QuickLookAttachmentView.swift */,
				67D416B927F7894700D25951 /* QuickLookView.swift */,
				67D416BA27F7894700D25951 /* SettingsView.swift */,
				67D416D127F7894900D25951 /* VoiceNoteAttachmentView.swift */,
			);
			path = View;
			sourceTree = "<group>";
		};
		C7BC334525B3C00700989E95 = {
			isa = PBXGroup;
			children = (
				C7BC337F25B3C1D100989E95 /* DistributedChat */,
				C7BC335025B3C00700989E95 /* DistributedChatApp */,
				C7BC336225B3C00900989E95 /* DistributedChatAppTests */,
				C7BC336D25B3C00900989E95 /* DistributedChatAppUITests */,
				C7982CC525BB851F000DC0F1 /* DistributedChatMacApp */,
				C7982CD825BB8522000DC0F1 /* DistributedChatMacAppTests */,
				C7982CE325BB8522000DC0F1 /* DistributedChatMacAppUITests */,
				C7BC334F25B3C00700989E95 /* Products */,
				C7BC338825B3C2EE00989E95 /* Frameworks */,
			);
			sourceTree = "<group>";
		};
		C7BC334F25B3C00700989E95 /* Products */ = {
			isa = PBXGroup;
			children = (
				C7BC334E25B3C00700989E95 /* CliffApp.app */,
				C7BC335F25B3C00900989E95 /* CliffAppTests.xctest */,
				C7BC336A25B3C00900989E95 /* CliffAppUITests.xctest */,
				C7982CC425BB851F000DC0F1 /* DistributedChatMacApp.app */,
				C7982CD525BB8522000DC0F1 /* DistributedChatMacAppTests.xctest */,
				C7982CE025BB8522000DC0F1 /* DistributedChatMacAppUITests.xctest */,
			);
			name = Products;
			sourceTree = "<group>";
		};
		C7BC335025B3C00700989E95 /* DistributedChatApp */ = {
			isa = PBXGroup;
			children = (
				C7734CB025BCDEDF0057DF96 /* Utils */,
				C7982D3125BB89CD000DC0F1 /* Model */,
				C7734DA425BE36E20057DF96 /* ViewModel */,
				6782F00927F7475A00657CB5 /* Components */,
				C7AFC9B825BB52F200AF9526 /* View */,
				C7AFC9B725BB52E400AF9526 /* Controller */,
				67D4171427F7896C00D25951 /* Audio */,
				C7BC335125B3C00700989E95 /* CliffApp.swift */,
				C7BC335525B3C00900989E95 /* Assets.xcassets */,
				C7BC335A25B3C00900989E95 /* Info.plist */,
				C7BC335725B3C00900989E95 /* Preview Content */,
			);
			path = DistributedChatApp;
			sourceTree = "<group>";
		};
		C7BC335725B3C00900989E95 /* Preview Content */ = {
			isa = PBXGroup;
			children = (
				C7BC335825B3C00900989E95 /* Preview Assets.xcassets */,
			);
			path = "Preview Content";
			sourceTree = "<group>";
		};
		C7BC336225B3C00900989E95 /* DistributedChatAppTests */ = {
			isa = PBXGroup;
			children = (
				C7BC336325B3C00900989E95 /* DistributedChatAppTests.swift */,
				C7BC336525B3C00900989E95 /* Info.plist */,
			);
			path = DistributedChatAppTests;
			sourceTree = "<group>";
		};
		C7BC336D25B3C00900989E95 /* DistributedChatAppUITests */ = {
			isa = PBXGroup;
			children = (
				C7BC336E25B3C00900989E95 /* DistributedChatAppUITests.swift */,
				C7BC337025B3C00900989E95 /* Info.plist */,
			);
			path = DistributedChatAppUITests;
			sourceTree = "<group>";
		};
		C7BC338825B3C2EE00989E95 /* Frameworks */ = {
			isa = PBXGroup;
			children = (
			);
			name = Frameworks;
			sourceTree = "<group>";
		};
/* End PBXGroup section */

/* Begin PBXNativeTarget section */
		C7982CC325BB851F000DC0F1 /* DistributedChatMacApp */ = {
			isa = PBXNativeTarget;
			buildConfigurationList = C7982CED25BB8522000DC0F1 /* Build configuration list for PBXNativeTarget "DistributedChatMacApp" */;
			buildPhases = (
				C7982CC025BB851F000DC0F1 /* Sources */,
				C7982CC125BB851F000DC0F1 /* Frameworks */,
				C7982CC225BB851F000DC0F1 /* Resources */,
			);
			buildRules = (
			);
			dependencies = (
				C7982D1A25BB85C2000DC0F1 /* PBXTargetDependency */,
			);
			name = DistributedChatMacApp;
			packageProductDependencies = (
				C7982D1725BB85BC000DC0F1 /* DistributedChat */,
			);
			productName = DistributedChatMacApp;
			productReference = C7982CC425BB851F000DC0F1 /* DistributedChatMacApp.app */;
			productType = "com.apple.product-type.application";
		};
		C7982CD425BB8522000DC0F1 /* DistributedChatMacAppTests */ = {
			isa = PBXNativeTarget;
			buildConfigurationList = C7982CEE25BB8522000DC0F1 /* Build configuration list for PBXNativeTarget "DistributedChatMacAppTests" */;
			buildPhases = (
				C7982CD125BB8522000DC0F1 /* Sources */,
				C7982CD225BB8522000DC0F1 /* Frameworks */,
				C7982CD325BB8522000DC0F1 /* Resources */,
			);
			buildRules = (
			);
			dependencies = (
				C7982CD725BB8522000DC0F1 /* PBXTargetDependency */,
			);
			name = DistributedChatMacAppTests;
			productName = DistributedChatMacAppTests;
			productReference = C7982CD525BB8522000DC0F1 /* DistributedChatMacAppTests.xctest */;
			productType = "com.apple.product-type.bundle.unit-test";
		};
		C7982CDF25BB8522000DC0F1 /* DistributedChatMacAppUITests */ = {
			isa = PBXNativeTarget;
			buildConfigurationList = C7982CEF25BB8522000DC0F1 /* Build configuration list for PBXNativeTarget "DistributedChatMacAppUITests" */;
			buildPhases = (
				C7982CDC25BB8522000DC0F1 /* Sources */,
				C7982CDD25BB8522000DC0F1 /* Frameworks */,
				C7982CDE25BB8522000DC0F1 /* Resources */,
			);
			buildRules = (
			);
			dependencies = (
				C7982CE225BB8522000DC0F1 /* PBXTargetDependency */,
			);
			name = DistributedChatMacAppUITests;
			productName = DistributedChatMacAppUITests;
			productReference = C7982CE025BB8522000DC0F1 /* DistributedChatMacAppUITests.xctest */;
			productType = "com.apple.product-type.bundle.ui-testing";
		};
		C7BC334D25B3C00700989E95 /* CliffApp */ = {
			isa = PBXNativeTarget;
			buildConfigurationList = C7BC337325B3C00900989E95 /* Build configuration list for PBXNativeTarget "CliffApp" */;
			buildPhases = (
				C7BC334A25B3C00700989E95 /* Sources */,
				C7BC334B25B3C00700989E95 /* Frameworks */,
				C7BC334C25B3C00700989E95 /* Resources */,
			);
			buildRules = (
			);
			dependencies = (
				C76545DA25CE19E0004F14E8 /* PBXTargetDependency */,
			);
			name = CliffApp;
			packageProductDependencies = (
				C7BC338925B3C2EE00989E95 /* DistributedChat */,
				C7734D4A25BDF52C0057DF96 /* LoggingOSLog */,
				C7ED97C025C60055002ACC5A /* FDWaveformView */,
				C7C24EE725C8D4E200222AAA /* SwiftUIKit */,
			);
			productName = DistributedChatApp;
			productReference = C7BC334E25B3C00700989E95 /* CliffApp.app */;
			productType = "com.apple.product-type.application";
		};
		C7BC335E25B3C00900989E95 /* CliffAppTests */ = {
			isa = PBXNativeTarget;
			buildConfigurationList = C7BC337625B3C00900989E95 /* Build configuration list for PBXNativeTarget "CliffAppTests" */;
			buildPhases = (
				C7BC335B25B3C00900989E95 /* Sources */,
				C7BC335C25B3C00900989E95 /* Frameworks */,
				C7BC335D25B3C00900989E95 /* Resources */,
			);
			buildRules = (
			);
			dependencies = (
				C7BC336125B3C00900989E95 /* PBXTargetDependency */,
			);
			name = CliffAppTests;
			productName = DistributedChatAppTests;
			productReference = C7BC335F25B3C00900989E95 /* CliffAppTests.xctest */;
			productType = "com.apple.product-type.bundle.unit-test";
		};
		C7BC336925B3C00900989E95 /* CliffAppUITests */ = {
			isa = PBXNativeTarget;
			buildConfigurationList = C7BC337925B3C00900989E95 /* Build configuration list for PBXNativeTarget "CliffAppUITests" */;
			buildPhases = (
				C7BC336625B3C00900989E95 /* Sources */,
				C7BC336725B3C00900989E95 /* Frameworks */,
				C7BC336825B3C00900989E95 /* Resources */,
			);
			buildRules = (
			);
			dependencies = (
				C7BC336C25B3C00900989E95 /* PBXTargetDependency */,
			);
			name = CliffAppUITests;
			productName = DistributedChatAppUITests;
			productReference = C7BC336A25B3C00900989E95 /* CliffAppUITests.xctest */;
			productType = "com.apple.product-type.bundle.ui-testing";
		};
/* End PBXNativeTarget section */

/* Begin PBXProject section */
		C7BC334625B3C00700989E95 /* Project object */ = {
			isa = PBXProject;
			attributes = {
				LastSwiftUpdateCheck = 1230;
				LastUpgradeCheck = 1240;
				TargetAttributes = {
					C7982CC325BB851F000DC0F1 = {
						CreatedOnToolsVersion = 12.3;
					};
					C7982CD425BB8522000DC0F1 = {
						CreatedOnToolsVersion = 12.3;
						TestTargetID = C7982CC325BB851F000DC0F1;
					};
					C7982CDF25BB8522000DC0F1 = {
						CreatedOnToolsVersion = 12.3;
						TestTargetID = C7982CC325BB851F000DC0F1;
					};
					C7BC334D25B3C00700989E95 = {
						CreatedOnToolsVersion = 12.3;
					};
					C7BC335E25B3C00900989E95 = {
						CreatedOnToolsVersion = 12.3;
						TestTargetID = C7BC334D25B3C00700989E95;
					};
					C7BC336925B3C00900989E95 = {
						CreatedOnToolsVersion = 12.3;
						TestTargetID = C7BC334D25B3C00700989E95;
					};
				};
			};
			buildConfigurationList = C7BC334925B3C00700989E95 /* Build configuration list for PBXProject "CliffApp" */;
			compatibilityVersion = "Xcode 9.3";
			developmentRegion = en;
			hasScannedForEncodings = 0;
			knownRegions = (
				en,
				Base,
			);
			mainGroup = C7BC334525B3C00700989E95;
			packageReferences = (
				C7734D4925BDF52B0057DF96 /* XCRemoteSwiftPackageReference "swift-log-oslog" */,
				C7ED97BF25C60055002ACC5A /* XCRemoteSwiftPackageReference "FDWaveformView" */,
				C7C24EE625C8D4E200222AAA /* XCRemoteSwiftPackageReference "SwiftUIKit" */,
			);
			productRefGroup = C7BC334F25B3C00700989E95 /* Products */;
			projectDirPath = "";
			projectRoot = "";
			targets = (
				C7BC334D25B3C00700989E95 /* CliffApp */,
				C7BC335E25B3C00900989E95 /* CliffAppTests */,
				C7BC336925B3C00900989E95 /* CliffAppUITests */,
				C7982CC325BB851F000DC0F1 /* DistributedChatMacApp */,
				C7982CD425BB8522000DC0F1 /* DistributedChatMacAppTests */,
				C7982CDF25BB8522000DC0F1 /* DistributedChatMacAppUITests */,
			);
		};
/* End PBXProject section */

/* Begin PBXResourcesBuildPhase section */
		C7982CC225BB851F000DC0F1 /* Resources */ = {
			isa = PBXResourcesBuildPhase;
			buildActionMask = 2147483647;
			files = (
				C7982CCE25BB8521000DC0F1 /* Preview Assets.xcassets in Resources */,
				C7982CCB25BB8521000DC0F1 /* Assets.xcassets in Resources */,
			);
			runOnlyForDeploymentPostprocessing = 0;
		};
		C7982CD325BB8522000DC0F1 /* Resources */ = {
			isa = PBXResourcesBuildPhase;
			buildActionMask = 2147483647;
			files = (
			);
			runOnlyForDeploymentPostprocessing = 0;
		};
		C7982CDE25BB8522000DC0F1 /* Resources */ = {
			isa = PBXResourcesBuildPhase;
			buildActionMask = 2147483647;
			files = (
			);
			runOnlyForDeploymentPostprocessing = 0;
		};
		C7BC334C25B3C00700989E95 /* Resources */ = {
			isa = PBXResourcesBuildPhase;
			buildActionMask = 2147483647;
			files = (
				C7BC335925B3C00900989E95 /* Preview Assets.xcassets in Resources */,
				C7BC335625B3C00900989E95 /* Assets.xcassets in Resources */,
			);
			runOnlyForDeploymentPostprocessing = 0;
		};
		C7BC335D25B3C00900989E95 /* Resources */ = {
			isa = PBXResourcesBuildPhase;
			buildActionMask = 2147483647;
			files = (
			);
			runOnlyForDeploymentPostprocessing = 0;
		};
		C7BC336825B3C00900989E95 /* Resources */ = {
			isa = PBXResourcesBuildPhase;
			buildActionMask = 2147483647;
			files = (
			);
			runOnlyForDeploymentPostprocessing = 0;
		};
/* End PBXResourcesBuildPhase section */

/* Begin PBXSourcesBuildPhase section */
		C7982CC025BB851F000DC0F1 /* Sources */ = {
			isa = PBXSourcesBuildPhase;
			buildActionMask = 2147483647;
			files = (
				67D416ED27F7894A00D25951 /* ChannelView.swift in Sources */,
				67D4170927F7894A00D25951 /* ShareSheet.swift in Sources */,
				67D416E127F7894A00D25951 /* QuickLookAttachmentView.swift in Sources */,
				67D416F727F7894A00D25951 /* ContentView.swift in Sources */,
				67D4170B27F7894A00D25951 /* ChatStatus+Color.swift in Sources */,
				67D4173227F7899600D25951 /* Network.swift in Sources */,
				C7982D0225BB8581000DC0F1 /* CliffApp.swift in Sources */,
				67D4173F27F789AF00D25951 /* PersistenceUtils.swift in Sources */,
				67D416DB27F7894A00D25951 /* ChannelSnippetView.swift in Sources */,
				67D416EB27F7894A00D25951 /* NetworkView.swift in Sources */,
				67D416F127F7894A00D25951 /* NewChannelView.swift in Sources */,
				67D4171D27F7898C00D25951 /* Navigation.swift in Sources */,
				67D416FF27F7894A00D25951 /* ProfileView.swift in Sources */,
				67D416F927F7894A00D25951 /* ImagePicker.swift in Sources */,
				67D4170127F7894A00D25951 /* WaveformView.swift in Sources */,
				67D4170D27F7894A00D25951 /* MessageView.swift in Sources */,
				67D416FD27F7894A00D25951 /* ClosableStatusBar.swift in Sources */,
				67D4170327F7894A00D25951 /* ChannelsView.swift in Sources */,
				67D416E927F7894A00D25951 /* ImageAttachmentView.swift in Sources */,
				67D4174527F789AF00D25951 /* PersistenceError.swift in Sources */,
				67D4171A27F7897B00D25951 /* AudioPlayer.swift in Sources */,
				67D4171127F7894A00D25951 /* ViewUtils.swift in Sources */,
				67D4172A27F7899600D25951 /* Settings.swift in Sources */,
				67D4172627F7899600D25951 /* Messages.swift in Sources */,
				67D4174127F789AF00D25951 /* EnvironmentUtils.swift in Sources */,
				67D4172E27F7899600D25951 /* Users.swift in Sources */,
				67D416D527F7894A00D25951 /* PresenceView.swift in Sources */,
				67D4171827F7897B00D25951 /* AudioRecorder.swift in Sources */,
				67D4173B27F789AF00D25951 /* CollectionUtils.swift in Sources */,
				67D4170727F7894A00D25951 /* BubbleMessageView.swift in Sources */,
				67D416D727F7894A00D25951 /* MessageHistoryView.swift in Sources */,
				67D416DF27F7894A00D25951 /* QuickLookAttachment.swift in Sources */,
				67D416FB27F7894A00D25951 /* AutoFocusTextField.swift in Sources */,
				67D416E327F7894A00D25951 /* QuickLookView.swift in Sources */,
				67D416F527F7894A00D25951 /* AttachmentView.swift in Sources */,
				67D416D927F7894A00D25951 /* PlainMessageView.swift in Sources */,
				67D4174727F789AF00D25951 /* URLUtils.swift in Sources */,
				67D416D327F7894A00D25951 /* VoiceNoteRecordButton.swift in Sources */,
				67D416F327F7894A00D25951 /* FileAttachmentView.swift in Sources */,
				67D4172C27F7899600D25951 /* NearbyUser.swift in Sources */,
				67D416E527F7894A00D25951 /* SettingsView.swift in Sources */,
				67D4170F27F7894A00D25951 /* UIViewControllerRepresentable.swift in Sources */,
				67D416DD27F7894A00D25951 /* EnumPicker.swift in Sources */,
				67D4170527F7894A00D25951 /* MessageComposeView.swift in Sources */,
				C7982D0925BB8587000DC0F1 /* CoreBluetoothTransport.swift in Sources */,
				67D4173027F7899600D25951 /* Profile.swift in Sources */,
				67D416EF27F7894A00D25951 /* ContactAttachmentView.swift in Sources */,
				67D4174327F789AF00D25951 /* DataUtils.swift in Sources */,
				67D4171327F7894A00D25951 /* VoiceNoteAttachmentView.swift in Sources */,
				67D4173D27F789AF00D25951 /* StringUtils.swift in Sources */,
			);
			runOnlyForDeploymentPostprocessing = 0;
		};
		C7982CD125BB8522000DC0F1 /* Sources */ = {
			isa = PBXSourcesBuildPhase;
			buildActionMask = 2147483647;
			files = (
				C7982CDA25BB8522000DC0F1 /* DistributedChatMacAppTests.swift in Sources */,
			);
			runOnlyForDeploymentPostprocessing = 0;
		};
		C7982CDC25BB8522000DC0F1 /* Sources */ = {
			isa = PBXSourcesBuildPhase;
			buildActionMask = 2147483647;
			files = (
				C7982CE525BB8522000DC0F1 /* DistributedChatMacAppUITests.swift in Sources */,
			);
			runOnlyForDeploymentPostprocessing = 0;
		};
		C7BC334A25B3C00700989E95 /* Sources */ = {
			isa = PBXSourcesBuildPhase;
			buildActionMask = 2147483647;
			files = (
				67D416EC27F7894A00D25951 /* ChannelView.swift in Sources */,
				67D4170827F7894A00D25951 /* ShareSheet.swift in Sources */,
				67D416E027F7894A00D25951 /* QuickLookAttachmentView.swift in Sources */,
				67D416F627F7894A00D25951 /* ContentView.swift in Sources */,
				67D4170A27F7894A00D25951 /* ChatStatus+Color.swift in Sources */,
				67D4173127F7899600D25951 /* Network.swift in Sources */,
				C7AFC9B325BB52D500AF9526 /* CoreBluetoothTransport.swift in Sources */,
				67D4173E27F789AF00D25951 /* PersistenceUtils.swift in Sources */,
				67D416DA27F7894A00D25951 /* ChannelSnippetView.swift in Sources */,
				67D416EA27F7894A00D25951 /* NetworkView.swift in Sources */,
				67D416F027F7894A00D25951 /* NewChannelView.swift in Sources */,
				67D4171C27F7898C00D25951 /* Navigation.swift in Sources */,
				67D416FE27F7894A00D25951 /* ProfileView.swift in Sources */,
				67D416F827F7894A00D25951 /* ImagePicker.swift in Sources */,
				67D4170027F7894A00D25951 /* WaveformView.swift in Sources */,
				67D4170C27F7894A00D25951 /* MessageView.swift in Sources */,
				67D416FC27F7894A00D25951 /* ClosableStatusBar.swift in Sources */,
				67D4170227F7894A00D25951 /* ChannelsView.swift in Sources */,
				67D416E827F7894A00D25951 /* ImageAttachmentView.swift in Sources */,
				67D4174427F789AF00D25951 /* PersistenceError.swift in Sources */,
				67D4171927F7897B00D25951 /* AudioPlayer.swift in Sources */,
				67D4171027F7894A00D25951 /* ViewUtils.swift in Sources */,
				67D4172927F7899600D25951 /* Settings.swift in Sources */,
				67D4172527F7899600D25951 /* Messages.swift in Sources */,
				67D4174027F789AF00D25951 /* EnvironmentUtils.swift in Sources */,
				67D4172D27F7899600D25951 /* Users.swift in Sources */,
				67D416D427F7894A00D25951 /* PresenceView.swift in Sources */,
				67D4171727F7897B00D25951 /* AudioRecorder.swift in Sources */,
				67D4173A27F789AF00D25951 /* CollectionUtils.swift in Sources */,
				67D4170627F7894A00D25951 /* BubbleMessageView.swift in Sources */,
				67D416D627F7894A00D25951 /* MessageHistoryView.swift in Sources */,
				67D416DE27F7894A00D25951 /* QuickLookAttachment.swift in Sources */,
				67D416FA27F7894A00D25951 /* AutoFocusTextField.swift in Sources */,
				67D416E227F7894A00D25951 /* QuickLookView.swift in Sources */,
				67D416F427F7894A00D25951 /* AttachmentView.swift in Sources */,
				67D416D827F7894A00D25951 /* PlainMessageView.swift in Sources */,
				67D4174627F789AF00D25951 /* URLUtils.swift in Sources */,
				67D416D227F7894A00D25951 /* VoiceNoteRecordButton.swift in Sources */,
				67D416F227F7894A00D25951 /* FileAttachmentView.swift in Sources */,
				67D4172B27F7899600D25951 /* NearbyUser.swift in Sources */,
				67D416E427F7894A00D25951 /* SettingsView.swift in Sources */,
				67D4170E27F7894A00D25951 /* UIViewControllerRepresentable.swift in Sources */,
				67D416DC27F7894A00D25951 /* EnumPicker.swift in Sources */,
				67D4170427F7894A00D25951 /* MessageComposeView.swift in Sources */,
				C7BC335225B3C00700989E95 /* CliffApp.swift in Sources */,
				67D4172F27F7899600D25951 /* Profile.swift in Sources */,
				67D416EE27F7894A00D25951 /* ContactAttachmentView.swift in Sources */,
				67D4174227F789AF00D25951 /* DataUtils.swift in Sources */,
				67D4171227F7894A00D25951 /* VoiceNoteAttachmentView.swift in Sources */,
				67D4173C27F789AF00D25951 /* StringUtils.swift in Sources */,
			);
			runOnlyForDeploymentPostprocessing = 0;
		};
		C7BC335B25B3C00900989E95 /* Sources */ = {
			isa = PBXSourcesBuildPhase;
			buildActionMask = 2147483647;
			files = (
				C7BC336425B3C00900989E95 /* DistributedChatAppTests.swift in Sources */,
			);
			runOnlyForDeploymentPostprocessing = 0;
		};
		C7BC336625B3C00900989E95 /* Sources */ = {
			isa = PBXSourcesBuildPhase;
			buildActionMask = 2147483647;
			files = (
				C7BC336F25B3C00900989E95 /* DistributedChatAppUITests.swift in Sources */,
			);
			runOnlyForDeploymentPostprocessing = 0;
		};
/* End PBXSourcesBuildPhase section */

/* Begin PBXTargetDependency section */
		C76545DA25CE19E0004F14E8 /* PBXTargetDependency */ = {
			isa = PBXTargetDependency;
			productRef = C76545D925CE19E0004F14E8 /* DistributedChat */;
		};
		C7982CD725BB8522000DC0F1 /* PBXTargetDependency */ = {
			isa = PBXTargetDependency;
			target = C7982CC325BB851F000DC0F1 /* DistributedChatMacApp */;
			targetProxy = C7982CD625BB8522000DC0F1 /* PBXContainerItemProxy */;
		};
		C7982CE225BB8522000DC0F1 /* PBXTargetDependency */ = {
			isa = PBXTargetDependency;
			target = C7982CC325BB851F000DC0F1 /* DistributedChatMacApp */;
			targetProxy = C7982CE125BB8522000DC0F1 /* PBXContainerItemProxy */;
		};
		C7982D1A25BB85C2000DC0F1 /* PBXTargetDependency */ = {
			isa = PBXTargetDependency;
			productRef = C7982D1925BB85C2000DC0F1 /* DistributedChat */;
		};
		C7BC336125B3C00900989E95 /* PBXTargetDependency */ = {
			isa = PBXTargetDependency;
			target = C7BC334D25B3C00700989E95 /* CliffApp */;
			targetProxy = C7BC336025B3C00900989E95 /* PBXContainerItemProxy */;
		};
		C7BC336C25B3C00900989E95 /* PBXTargetDependency */ = {
			isa = PBXTargetDependency;
			target = C7BC334D25B3C00700989E95 /* CliffApp */;
			targetProxy = C7BC336B25B3C00900989E95 /* PBXContainerItemProxy */;
		};
/* End PBXTargetDependency section */

/* Begin XCBuildConfiguration section */
		C7982CE725BB8522000DC0F1 /* Debug */ = {
			isa = XCBuildConfiguration;
			buildSettings = {
				ASSETCATALOG_COMPILER_APPICON_NAME = AppIcon;
				ASSETCATALOG_COMPILER_GLOBAL_ACCENT_COLOR_NAME = AccentColor;
				CODE_SIGN_ENTITLEMENTS = DistributedChatMacApp/DistributedChatMacApp.entitlements;
				CODE_SIGN_IDENTITY = "-";
				CODE_SIGN_STYLE = Automatic;
				COMBINE_HIDPI_IMAGES = YES;
				DEVELOPMENT_ASSET_PATHS = "\"DistributedChatMacApp/Preview Content\"";
				DEVELOPMENT_TEAM = RB6SW5787U;
				ENABLE_HARDENED_RUNTIME = YES;
				ENABLE_PREVIEWS = YES;
				INFOPLIST_FILE = DistributedChatMacApp/Info.plist;
				LD_RUNPATH_SEARCH_PATHS = (
					"$(inherited)",
					"@executable_path/../Frameworks",
				);
				MACOSX_DEPLOYMENT_TARGET = 10.15;
				PRODUCT_BUNDLE_IDENTIFIER = fwcd.DistributedChatMacApp;
				PRODUCT_NAME = "$(TARGET_NAME)";
				SDKROOT = macosx;
				SWIFT_VERSION = 5.0;
			};
			name = Debug;
		};
		C7982CE825BB8522000DC0F1 /* Release */ = {
			isa = XCBuildConfiguration;
			buildSettings = {
				ASSETCATALOG_COMPILER_APPICON_NAME = AppIcon;
				ASSETCATALOG_COMPILER_GLOBAL_ACCENT_COLOR_NAME = AccentColor;
				CODE_SIGN_ENTITLEMENTS = DistributedChatMacApp/DistributedChatMacApp.entitlements;
				CODE_SIGN_IDENTITY = "-";
				CODE_SIGN_STYLE = Automatic;
				COMBINE_HIDPI_IMAGES = YES;
				DEVELOPMENT_ASSET_PATHS = "\"DistributedChatMacApp/Preview Content\"";
				DEVELOPMENT_TEAM = RB6SW5787U;
				ENABLE_HARDENED_RUNTIME = YES;
				ENABLE_PREVIEWS = YES;
				INFOPLIST_FILE = DistributedChatMacApp/Info.plist;
				LD_RUNPATH_SEARCH_PATHS = (
					"$(inherited)",
					"@executable_path/../Frameworks",
				);
				MACOSX_DEPLOYMENT_TARGET = 10.15;
				PRODUCT_BUNDLE_IDENTIFIER = fwcd.DistributedChatMacApp;
				PRODUCT_NAME = "$(TARGET_NAME)";
				SDKROOT = macosx;
				SWIFT_VERSION = 5.0;
			};
			name = Release;
		};
		C7982CE925BB8522000DC0F1 /* Debug */ = {
			isa = XCBuildConfiguration;
			buildSettings = {
				ALWAYS_EMBED_SWIFT_STANDARD_LIBRARIES = YES;
				BUNDLE_LOADER = "$(TEST_HOST)";
				CODE_SIGN_STYLE = Automatic;
				COMBINE_HIDPI_IMAGES = YES;
				DEVELOPMENT_TEAM = RB6SW5787U;
				INFOPLIST_FILE = DistributedChatMacAppTests/Info.plist;
				LD_RUNPATH_SEARCH_PATHS = (
					"$(inherited)",
					"@executable_path/../Frameworks",
					"@loader_path/../Frameworks",
				);
				MACOSX_DEPLOYMENT_TARGET = 10.15;
				PRODUCT_BUNDLE_IDENTIFIER = fwcd.DistributedChatMacAppTests;
				PRODUCT_NAME = "$(TARGET_NAME)";
				SDKROOT = macosx;
				SWIFT_VERSION = 5.0;
				TEST_HOST = "$(BUILT_PRODUCTS_DIR)/DistributedChatMacApp.app/Contents/MacOS/DistributedChatMacApp";
			};
			name = Debug;
		};
		C7982CEA25BB8522000DC0F1 /* Release */ = {
			isa = XCBuildConfiguration;
			buildSettings = {
				ALWAYS_EMBED_SWIFT_STANDARD_LIBRARIES = YES;
				BUNDLE_LOADER = "$(TEST_HOST)";
				CODE_SIGN_STYLE = Automatic;
				COMBINE_HIDPI_IMAGES = YES;
				DEVELOPMENT_TEAM = RB6SW5787U;
				INFOPLIST_FILE = DistributedChatMacAppTests/Info.plist;
				LD_RUNPATH_SEARCH_PATHS = (
					"$(inherited)",
					"@executable_path/../Frameworks",
					"@loader_path/../Frameworks",
				);
				MACOSX_DEPLOYMENT_TARGET = 10.15;
				PRODUCT_BUNDLE_IDENTIFIER = fwcd.DistributedChatMacAppTests;
				PRODUCT_NAME = "$(TARGET_NAME)";
				SDKROOT = macosx;
				SWIFT_VERSION = 5.0;
				TEST_HOST = "$(BUILT_PRODUCTS_DIR)/DistributedChatMacApp.app/Contents/MacOS/DistributedChatMacApp";
			};
			name = Release;
		};
		C7982CEB25BB8522000DC0F1 /* Debug */ = {
			isa = XCBuildConfiguration;
			buildSettings = {
				ALWAYS_EMBED_SWIFT_STANDARD_LIBRARIES = YES;
				CODE_SIGN_STYLE = Automatic;
				COMBINE_HIDPI_IMAGES = YES;
				DEVELOPMENT_TEAM = RB6SW5787U;
				INFOPLIST_FILE = DistributedChatMacAppUITests/Info.plist;
				LD_RUNPATH_SEARCH_PATHS = (
					"$(inherited)",
					"@executable_path/../Frameworks",
					"@loader_path/../Frameworks",
				);
				MACOSX_DEPLOYMENT_TARGET = 10.15;
				PRODUCT_BUNDLE_IDENTIFIER = fwcd.DistributedChatMacAppUITests;
				PRODUCT_NAME = "$(TARGET_NAME)";
				SDKROOT = macosx;
				SWIFT_VERSION = 5.0;
				TEST_TARGET_NAME = DistributedChatMacApp;
			};
			name = Debug;
		};
		C7982CEC25BB8522000DC0F1 /* Release */ = {
			isa = XCBuildConfiguration;
			buildSettings = {
				ALWAYS_EMBED_SWIFT_STANDARD_LIBRARIES = YES;
				CODE_SIGN_STYLE = Automatic;
				COMBINE_HIDPI_IMAGES = YES;
				DEVELOPMENT_TEAM = RB6SW5787U;
				INFOPLIST_FILE = DistributedChatMacAppUITests/Info.plist;
				LD_RUNPATH_SEARCH_PATHS = (
					"$(inherited)",
					"@executable_path/../Frameworks",
					"@loader_path/../Frameworks",
				);
				MACOSX_DEPLOYMENT_TARGET = 10.15;
				PRODUCT_BUNDLE_IDENTIFIER = fwcd.DistributedChatMacAppUITests;
				PRODUCT_NAME = "$(TARGET_NAME)";
				SDKROOT = macosx;
				SWIFT_VERSION = 5.0;
				TEST_TARGET_NAME = DistributedChatMacApp;
			};
			name = Release;
		};
		C7BC337125B3C00900989E95 /* Debug */ = {
			isa = XCBuildConfiguration;
			buildSettings = {
				ALWAYS_SEARCH_USER_PATHS = NO;
				CLANG_ANALYZER_NONNULL = YES;
				CLANG_ANALYZER_NUMBER_OBJECT_CONVERSION = YES_AGGRESSIVE;
				CLANG_CXX_LANGUAGE_STANDARD = "gnu++14";
				CLANG_CXX_LIBRARY = "libc++";
				CLANG_ENABLE_MODULES = YES;
				CLANG_ENABLE_OBJC_ARC = YES;
				CLANG_ENABLE_OBJC_WEAK = YES;
				CLANG_WARN_BLOCK_CAPTURE_AUTORELEASING = YES;
				CLANG_WARN_BOOL_CONVERSION = YES;
				CLANG_WARN_COMMA = YES;
				CLANG_WARN_CONSTANT_CONVERSION = YES;
				CLANG_WARN_DEPRECATED_OBJC_IMPLEMENTATIONS = YES;
				CLANG_WARN_DIRECT_OBJC_ISA_USAGE = YES_ERROR;
				CLANG_WARN_DOCUMENTATION_COMMENTS = YES;
				CLANG_WARN_EMPTY_BODY = YES;
				CLANG_WARN_ENUM_CONVERSION = YES;
				CLANG_WARN_INFINITE_RECURSION = YES;
				CLANG_WARN_INT_CONVERSION = YES;
				CLANG_WARN_NON_LITERAL_NULL_CONVERSION = YES;
				CLANG_WARN_OBJC_IMPLICIT_RETAIN_SELF = YES;
				CLANG_WARN_OBJC_LITERAL_CONVERSION = YES;
				CLANG_WARN_OBJC_ROOT_CLASS = YES_ERROR;
				CLANG_WARN_QUOTED_INCLUDE_IN_FRAMEWORK_HEADER = YES;
				CLANG_WARN_RANGE_LOOP_ANALYSIS = YES;
				CLANG_WARN_STRICT_PROTOTYPES = YES;
				CLANG_WARN_SUSPICIOUS_MOVE = YES;
				CLANG_WARN_UNGUARDED_AVAILABILITY = YES_AGGRESSIVE;
				CLANG_WARN_UNREACHABLE_CODE = YES;
				CLANG_WARN__DUPLICATE_METHOD_MATCH = YES;
				COPY_PHASE_STRIP = NO;
				DEBUG_INFORMATION_FORMAT = dwarf;
				ENABLE_STRICT_OBJC_MSGSEND = YES;
				ENABLE_TESTABILITY = YES;
				GCC_C_LANGUAGE_STANDARD = gnu11;
				GCC_DYNAMIC_NO_PIC = NO;
				GCC_NO_COMMON_BLOCKS = YES;
				GCC_OPTIMIZATION_LEVEL = 0;
				GCC_PREPROCESSOR_DEFINITIONS = (
					"DEBUG=1",
					"$(inherited)",
				);
				GCC_WARN_64_TO_32_BIT_CONVERSION = YES;
				GCC_WARN_ABOUT_RETURN_TYPE = YES_ERROR;
				GCC_WARN_UNDECLARED_SELECTOR = YES;
				GCC_WARN_UNINITIALIZED_AUTOS = YES_AGGRESSIVE;
				GCC_WARN_UNUSED_FUNCTION = YES;
				GCC_WARN_UNUSED_VARIABLE = YES;
				IPHONEOS_DEPLOYMENT_TARGET = 14.0;
				MACOSX_DEPLOYMENT_TARGET = 10.15;
				MTL_ENABLE_DEBUG_INFO = INCLUDE_SOURCE;
				MTL_FAST_MATH = YES;
				ONLY_ACTIVE_ARCH = YES;
				SDKROOT = iphoneos;
				SWIFT_ACTIVE_COMPILATION_CONDITIONS = DEBUG;
				SWIFT_OPTIMIZATION_LEVEL = "-Onone";
			};
			name = Debug;
		};
		C7BC337225B3C00900989E95 /* Release */ = {
			isa = XCBuildConfiguration;
			buildSettings = {
				ALWAYS_SEARCH_USER_PATHS = NO;
				CLANG_ANALYZER_NONNULL = YES;
				CLANG_ANALYZER_NUMBER_OBJECT_CONVERSION = YES_AGGRESSIVE;
				CLANG_CXX_LANGUAGE_STANDARD = "gnu++14";
				CLANG_CXX_LIBRARY = "libc++";
				CLANG_ENABLE_MODULES = YES;
				CLANG_ENABLE_OBJC_ARC = YES;
				CLANG_ENABLE_OBJC_WEAK = YES;
				CLANG_WARN_BLOCK_CAPTURE_AUTORELEASING = YES;
				CLANG_WARN_BOOL_CONVERSION = YES;
				CLANG_WARN_COMMA = YES;
				CLANG_WARN_CONSTANT_CONVERSION = YES;
				CLANG_WARN_DEPRECATED_OBJC_IMPLEMENTATIONS = YES;
				CLANG_WARN_DIRECT_OBJC_ISA_USAGE = YES_ERROR;
				CLANG_WARN_DOCUMENTATION_COMMENTS = YES;
				CLANG_WARN_EMPTY_BODY = YES;
				CLANG_WARN_ENUM_CONVERSION = YES;
				CLANG_WARN_INFINITE_RECURSION = YES;
				CLANG_WARN_INT_CONVERSION = YES;
				CLANG_WARN_NON_LITERAL_NULL_CONVERSION = YES;
				CLANG_WARN_OBJC_IMPLICIT_RETAIN_SELF = YES;
				CLANG_WARN_OBJC_LITERAL_CONVERSION = YES;
				CLANG_WARN_OBJC_ROOT_CLASS = YES_ERROR;
				CLANG_WARN_QUOTED_INCLUDE_IN_FRAMEWORK_HEADER = YES;
				CLANG_WARN_RANGE_LOOP_ANALYSIS = YES;
				CLANG_WARN_STRICT_PROTOTYPES = YES;
				CLANG_WARN_SUSPICIOUS_MOVE = YES;
				CLANG_WARN_UNGUARDED_AVAILABILITY = YES_AGGRESSIVE;
				CLANG_WARN_UNREACHABLE_CODE = YES;
				CLANG_WARN__DUPLICATE_METHOD_MATCH = YES;
				COPY_PHASE_STRIP = NO;
				DEBUG_INFORMATION_FORMAT = "dwarf-with-dsym";
				ENABLE_NS_ASSERTIONS = NO;
				ENABLE_STRICT_OBJC_MSGSEND = YES;
				GCC_C_LANGUAGE_STANDARD = gnu11;
				GCC_NO_COMMON_BLOCKS = YES;
				GCC_WARN_64_TO_32_BIT_CONVERSION = YES;
				GCC_WARN_ABOUT_RETURN_TYPE = YES_ERROR;
				GCC_WARN_UNDECLARED_SELECTOR = YES;
				GCC_WARN_UNINITIALIZED_AUTOS = YES_AGGRESSIVE;
				GCC_WARN_UNUSED_FUNCTION = YES;
				GCC_WARN_UNUSED_VARIABLE = YES;
				IPHONEOS_DEPLOYMENT_TARGET = 14.0;
				MACOSX_DEPLOYMENT_TARGET = 10.15;
				MTL_ENABLE_DEBUG_INFO = NO;
				MTL_FAST_MATH = YES;
				SDKROOT = iphoneos;
				SWIFT_COMPILATION_MODE = wholemodule;
				SWIFT_OPTIMIZATION_LEVEL = "-O";
				VALIDATE_PRODUCT = YES;
			};
			name = Release;
		};
		C7BC337425B3C00900989E95 /* Debug */ = {
			isa = XCBuildConfiguration;
			buildSettings = {
				ASSETCATALOG_COMPILER_APPICON_NAME = AppIcon;
				ASSETCATALOG_COMPILER_GLOBAL_ACCENT_COLOR_NAME = AccentColor;
				CODE_SIGN_STYLE = Automatic;
				DEVELOPMENT_ASSET_PATHS = "\"DistributedChatApp/Preview Content\"";
				DEVELOPMENT_TEAM = F59A6ZU5Y6;
				ENABLE_PREVIEWS = YES;
				INFOPLIST_FILE = DistributedChatApp/Info.plist;
				IPHONEOS_DEPLOYMENT_TARGET = 14.0;
				LD_RUNPATH_SEARCH_PATHS = (
					"$(inherited)",
					"@executable_path/Frameworks",
				);
				MARKETING_VERSION = 1.0;
				PRODUCT_BUNDLE_IDENTIFIER = scribbble.DistributedChatApp;
				PRODUCT_NAME = "$(TARGET_NAME)";
				SWIFT_VERSION = 5.0;
				TARGETED_DEVICE_FAMILY = "1,2";
			};
			name = Debug;
		};
		C7BC337525B3C00900989E95 /* Release */ = {
			isa = XCBuildConfiguration;
			buildSettings = {
				ASSETCATALOG_COMPILER_APPICON_NAME = AppIcon;
				ASSETCATALOG_COMPILER_GLOBAL_ACCENT_COLOR_NAME = AccentColor;
				CODE_SIGN_STYLE = Automatic;
				DEVELOPMENT_ASSET_PATHS = "\"DistributedChatApp/Preview Content\"";
				DEVELOPMENT_TEAM = F59A6ZU5Y6;
				ENABLE_PREVIEWS = YES;
				INFOPLIST_FILE = DistributedChatApp/Info.plist;
				IPHONEOS_DEPLOYMENT_TARGET = 14.0;
				LD_RUNPATH_SEARCH_PATHS = (
					"$(inherited)",
					"@executable_path/Frameworks",
				);
				MARKETING_VERSION = 1.0;
				PRODUCT_BUNDLE_IDENTIFIER = scribbble.DistributedChatApp;
				PRODUCT_NAME = "$(TARGET_NAME)";
				SWIFT_VERSION = 5.0;
				TARGETED_DEVICE_FAMILY = "1,2";
			};
			name = Release;
		};
		C7BC337725B3C00900989E95 /* Debug */ = {
			isa = XCBuildConfiguration;
			buildSettings = {
				ALWAYS_EMBED_SWIFT_STANDARD_LIBRARIES = YES;
				BUNDLE_LOADER = "$(TEST_HOST)";
				CODE_SIGN_STYLE = Automatic;
				DEVELOPMENT_TEAM = RB6SW5787U;
				INFOPLIST_FILE = DistributedChatAppTests/Info.plist;
				IPHONEOS_DEPLOYMENT_TARGET = 14.0;
				LD_RUNPATH_SEARCH_PATHS = (
					"$(inherited)",
					"@executable_path/Frameworks",
					"@loader_path/Frameworks",
				);
				PRODUCT_BUNDLE_IDENTIFIER = fwcd.DistributedChatAppTests;
				PRODUCT_NAME = "$(TARGET_NAME)";
				SWIFT_VERSION = 5.0;
				TARGETED_DEVICE_FAMILY = "1,2";
				TEST_HOST = "$(BUILT_PRODUCTS_DIR)/CliffApp.app/CliffApp";
			};
			name = Debug;
		};
		C7BC337825B3C00900989E95 /* Release */ = {
			isa = XCBuildConfiguration;
			buildSettings = {
				ALWAYS_EMBED_SWIFT_STANDARD_LIBRARIES = YES;
				BUNDLE_LOADER = "$(TEST_HOST)";
				CODE_SIGN_STYLE = Automatic;
				DEVELOPMENT_TEAM = RB6SW5787U;
				INFOPLIST_FILE = DistributedChatAppTests/Info.plist;
				IPHONEOS_DEPLOYMENT_TARGET = 14.0;
				LD_RUNPATH_SEARCH_PATHS = (
					"$(inherited)",
					"@executable_path/Frameworks",
					"@loader_path/Frameworks",
				);
				PRODUCT_BUNDLE_IDENTIFIER = fwcd.DistributedChatAppTests;
				PRODUCT_NAME = "$(TARGET_NAME)";
				SWIFT_VERSION = 5.0;
				TARGETED_DEVICE_FAMILY = "1,2";
				TEST_HOST = "$(BUILT_PRODUCTS_DIR)/CliffApp.app/CliffApp";
			};
			name = Release;
		};
		C7BC337A25B3C00900989E95 /* Debug */ = {
			isa = XCBuildConfiguration;
			buildSettings = {
				ALWAYS_EMBED_SWIFT_STANDARD_LIBRARIES = YES;
				CODE_SIGN_STYLE = Automatic;
				DEVELOPMENT_TEAM = RB6SW5787U;
				INFOPLIST_FILE = DistributedChatAppUITests/Info.plist;
				LD_RUNPATH_SEARCH_PATHS = (
					"$(inherited)",
					"@executable_path/Frameworks",
					"@loader_path/Frameworks",
				);
				PRODUCT_BUNDLE_IDENTIFIER = fwcd.DistributedChatAppUITests;
				PRODUCT_NAME = "$(TARGET_NAME)";
				SWIFT_VERSION = 5.0;
				TARGETED_DEVICE_FAMILY = "1,2";
				TEST_TARGET_NAME = DistributedChatApp;
			};
			name = Debug;
		};
		C7BC337B25B3C00900989E95 /* Release */ = {
			isa = XCBuildConfiguration;
			buildSettings = {
				ALWAYS_EMBED_SWIFT_STANDARD_LIBRARIES = YES;
				CODE_SIGN_STYLE = Automatic;
				DEVELOPMENT_TEAM = RB6SW5787U;
				INFOPLIST_FILE = DistributedChatAppUITests/Info.plist;
				LD_RUNPATH_SEARCH_PATHS = (
					"$(inherited)",
					"@executable_path/Frameworks",
					"@loader_path/Frameworks",
				);
				PRODUCT_BUNDLE_IDENTIFIER = fwcd.DistributedChatAppUITests;
				PRODUCT_NAME = "$(TARGET_NAME)";
				SWIFT_VERSION = 5.0;
				TARGETED_DEVICE_FAMILY = "1,2";
				TEST_TARGET_NAME = DistributedChatApp;
			};
			name = Release;
		};
/* End XCBuildConfiguration section */

/* Begin XCConfigurationList section */
		C7982CED25BB8522000DC0F1 /* Build configuration list for PBXNativeTarget "DistributedChatMacApp" */ = {
			isa = XCConfigurationList;
			buildConfigurations = (
				C7982CE725BB8522000DC0F1 /* Debug */,
				C7982CE825BB8522000DC0F1 /* Release */,
			);
			defaultConfigurationIsVisible = 0;
			defaultConfigurationName = Release;
		};
		C7982CEE25BB8522000DC0F1 /* Build configuration list for PBXNativeTarget "DistributedChatMacAppTests" */ = {
			isa = XCConfigurationList;
			buildConfigurations = (
				C7982CE925BB8522000DC0F1 /* Debug */,
				C7982CEA25BB8522000DC0F1 /* Release */,
			);
			defaultConfigurationIsVisible = 0;
			defaultConfigurationName = Release;
		};
		C7982CEF25BB8522000DC0F1 /* Build configuration list for PBXNativeTarget "DistributedChatMacAppUITests" */ = {
			isa = XCConfigurationList;
			buildConfigurations = (
				C7982CEB25BB8522000DC0F1 /* Debug */,
				C7982CEC25BB8522000DC0F1 /* Release */,
			);
			defaultConfigurationIsVisible = 0;
			defaultConfigurationName = Release;
		};
		C7BC334925B3C00700989E95 /* Build configuration list for PBXProject "CliffApp" */ = {
			isa = XCConfigurationList;
			buildConfigurations = (
				C7BC337125B3C00900989E95 /* Debug */,
				C7BC337225B3C00900989E95 /* Release */,
			);
			defaultConfigurationIsVisible = 0;
			defaultConfigurationName = Release;
		};
		C7BC337325B3C00900989E95 /* Build configuration list for PBXNativeTarget "CliffApp" */ = {
			isa = XCConfigurationList;
			buildConfigurations = (
				C7BC337425B3C00900989E95 /* Debug */,
				C7BC337525B3C00900989E95 /* Release */,
			);
			defaultConfigurationIsVisible = 0;
			defaultConfigurationName = Release;
		};
		C7BC337625B3C00900989E95 /* Build configuration list for PBXNativeTarget "CliffAppTests" */ = {
			isa = XCConfigurationList;
			buildConfigurations = (
				C7BC337725B3C00900989E95 /* Debug */,
				C7BC337825B3C00900989E95 /* Release */,
			);
			defaultConfigurationIsVisible = 0;
			defaultConfigurationName = Release;
		};
		C7BC337925B3C00900989E95 /* Build configuration list for PBXNativeTarget "CliffAppUITests" */ = {
			isa = XCConfigurationList;
			buildConfigurations = (
				C7BC337A25B3C00900989E95 /* Debug */,
				C7BC337B25B3C00900989E95 /* Release */,
			);
			defaultConfigurationIsVisible = 0;
			defaultConfigurationName = Release;
		};
/* End XCConfigurationList section */

/* Begin XCRemoteSwiftPackageReference section */
		C7734D4925BDF52B0057DF96 /* XCRemoteSwiftPackageReference "swift-log-oslog" */ = {
			isa = XCRemoteSwiftPackageReference;
			repositoryURL = "https://github.com/chrisaljoudi/swift-log-oslog.git";
			requirement = {
				kind = upToNextMajorVersion;
				minimumVersion = 0.2.2;
			};
		};
		C7C24EE625C8D4E200222AAA /* XCRemoteSwiftPackageReference "SwiftUIKit" */ = {
			isa = XCRemoteSwiftPackageReference;
			repositoryURL = "https://github.com/youjinp/SwiftUIKit.git";
			requirement = {
				kind = upToNextMajorVersion;
				minimumVersion = 0.0.14;
			};
		};
		C7ED97BF25C60055002ACC5A /* XCRemoteSwiftPackageReference "FDWaveformView" */ = {
			isa = XCRemoteSwiftPackageReference;
			repositoryURL = "https://github.com/fulldecent/FDWaveformView.git";
			requirement = {
				kind = upToNextMajorVersion;
				minimumVersion = 5.0.1;
			};
		};
/* End XCRemoteSwiftPackageReference section */

/* Begin XCSwiftPackageProductDependency section */
		C76545D925CE19E0004F14E8 /* DistributedChat */ = {
			isa = XCSwiftPackageProductDependency;
			productName = DistributedChat;
		};
		C7734D4A25BDF52C0057DF96 /* LoggingOSLog */ = {
			isa = XCSwiftPackageProductDependency;
			package = C7734D4925BDF52B0057DF96 /* XCRemoteSwiftPackageReference "swift-log-oslog" */;
			productName = LoggingOSLog;
		};
		C7982D1725BB85BC000DC0F1 /* DistributedChat */ = {
			isa = XCSwiftPackageProductDependency;
			productName = DistributedChat;
		};
		C7982D1925BB85C2000DC0F1 /* DistributedChat */ = {
			isa = XCSwiftPackageProductDependency;
			productName = DistributedChat;
		};
		C7BC338925B3C2EE00989E95 /* DistributedChat */ = {
			isa = XCSwiftPackageProductDependency;
			productName = DistributedChat;
		};
		C7C24EE725C8D4E200222AAA /* SwiftUIKit */ = {
			isa = XCSwiftPackageProductDependency;
			package = C7C24EE625C8D4E200222AAA /* XCRemoteSwiftPackageReference "SwiftUIKit" */;
			productName = SwiftUIKit;
		};
		C7ED97C025C60055002ACC5A /* FDWaveformView */ = {
			isa = XCSwiftPackageProductDependency;
			package = C7ED97BF25C60055002ACC5A /* XCRemoteSwiftPackageReference "FDWaveformView" */;
			productName = FDWaveformView;
		};
/* End XCSwiftPackageProductDependency section */
	};
	rootObject = C7BC334625B3C00700989E95 /* Project object */;
}
